
Microsoft Visual Studio Solution File, Format Version 12.00
# Visual Studio Version 16
VisualStudioVersion = 16.0.31410.357
MinimumVisualStudioVersion = 10.0.40219.1
Project("{FAE04EC0-301F-11D3-BF4B-00C04F79EFBC}") = "FoodsOrderAPI", "FoodsOrderAPI\FoodsOrderAPI.csproj", "{EC9F12F7-55C5-47AE-8E5E-8572BBD95CC0}"
EndProject
Global
	GlobalSection(SolutionConfigurationPlatforms) = preSolution
		Debug|Any CPU = Debug|Any CPU
		Release|Any CPU = Release|Any CPU
	EndGlobalSection
	GlobalSection(ProjectConfigurationPlatforms) = postSolution
		{EC9F12F7-55C5-47AE-8E5E-8572BBD95CC0}.Debug|Any CPU.ActiveCfg = Debug|Any CPU
		{EC9F12F7-55C5-47AE-8E5E-8572BBD95CC0}.Debug|Any CPU.Build.0 = Debug|Any CPU
		{EC9F12F7-55C5-47AE-8E5E-8572BBD95CC0}.Release|Any CPU.ActiveCfg = Release|Any CPU
		{EC9F12F7-55C5-47AE-8E5E-8572BBD95CC0}.Release|Any CPU.Build.0 = Release|Any CPU
	EndGlobalSection
	GlobalSection(SolutionProperties) = preSolution
		HideSolutionNode = FALSE
	EndGlobalSection
	GlobalSection(ExtensibilityGlobals) = postSolution
		SolutionGuid = {B0AE2093-A9B2-45D2-8628-DE0E5A58AE29}
	EndGlobalSection
EndGlobal
